// !$*UTF8*$!
{
	archiveVersion = 1;
	classes = {
	};
	objectVersion = 77;
	objects = {

/* Begin PBXContainerItemProxy section */
		FAFFB5322E55D6FE00D74702 /* PBXContainerItemProxy */ = {
			isa = PBXContainerItemProxy;
			containerPortal = FAFFB5182E55D6FB00D74702 /* Project object */;
			proxyType = 1;
			remoteGlobalIDString = FAFFB51F2E55D6FB00D74702;
			remoteInfo = Thmanyah;
		};
		FAFFB53C2E55D6FE00D74702 /* PBXContainerItemProxy */ = {
			isa = PBXContainerItemProxy;
			containerPortal = FAFFB5182E55D6FB00D74702 /* Project object */;
			proxyType = 1;
			remoteGlobalIDString = FAFFB51F2E55D6FB00D74702;
			remoteInfo = Thmanyah;
		};
/* End PBXContainerItemProxy section */

/* Begin PBXFileReference section */
		FAFFB5202E55D6FB00D74702 /* Thmanyah.app */ = {isa = PBXFileReference; explicitFileType = wrapper.application; includeInIndex = 0; path = Thmanyah.app; sourceTree = BUILT_PRODUCTS_DIR; };
		FAFFB5312E55D6FE00D74702 /* ThmanyahTests.xctest */ = {isa = PBXFileReference; explicitFileType = wrapper.cfbundle; includeInIndex = 0; path = ThmanyahTests.xctest; sourceTree = BUILT_PRODUCTS_DIR; };
		FAFFB53B2E55D6FE00D74702 /* ThmanyahUITests.xctest */ = {isa = PBXFileReference; explicitFileType = wrapper.cfbundle; includeInIndex = 0; path = ThmanyahUITests.xctest; sourceTree = BUILT_PRODUCTS_DIR; };
/* End PBXFileReference section */

/* Begin PBXFileSystemSynchronizedBuildFileExceptionSet section */
		FAFFB6732E560B8D00D74702 /* Exceptions for "Thmanyah" folder in "Thmanyah" target */ = {
			isa = PBXFileSystemSynchronizedBuildFileExceptionSet;
			membershipExceptions = (
				Info.plist,
			);
			target = FAFFB51F2E55D6FB00D74702 /* Thmanyah */;
		};
/* End PBXFileSystemSynchronizedBuildFileExceptionSet section */

/* Begin PBXFileSystemSynchronizedRootGroup section */
		FAFFB5222E55D6FB00D74702 /* Thmanyah */ = {
			isa = PBXFileSystemSynchronizedRootGroup;
			exceptions = (
				FAFFB6732E560B8D00D74702 /* Exceptions for "Thmanyah" folder in "Thmanyah" target */,
			);
			path = Thmanyah;
			sourceTree = "<group>";
		};
		FAFFB5342E55D6FE00D74702 /* ThmanyahTests */ = {
			isa = PBXFileSystemSynchronizedRootGroup;
			path = ThmanyahTests;
			sourceTree = "<group>";
		};
		FAFFB53E2E55D6FE00D74702 /* ThmanyahUITests */ = {
			isa = PBXFileSystemSynchronizedRootGroup;
			path = ThmanyahUITests;
			sourceTree = "<group>";
		};
/* End PBXFileSystemSynchronizedRootGroup section */

/* Begin PBXFrameworksBuildPhase section */
		FAFFB51D2E55D6FB00D74702 /* Frameworks */ = {
			isa = PBXFrameworksBuildPhase;
			buildActionMask = 2147483647;
			files = (
			);
			runOnlyForDeploymentPostprocessing = 0;
		};
		FAFFB52E2E55D6FE00D74702 /* Frameworks */ = {
			isa = PBXFrameworksBuildPhase;
			buildActionMask = 2147483647;
			files = (
			);
			runOnlyForDeploymentPostprocessing = 0;
		};
		FAFFB5382E55D6FE00D74702 /* Frameworks */ = {
			isa = PBXFrameworksBuildPhase;
			buildActionMask = 2147483647;
			files = (
			);
			runOnlyForDeploymentPostprocessing = 0;
		};
/* End PBXFrameworksBuildPhase section */

/* Begin PBXGroup section */
		FAFFB5172E55D6FB00D74702 = {
			isa = PBXGroup;
			children = (
				FAFFB5222E55D6FB00D74702 /* Thmanyah */,
				FAFFB5342E55D6FE00D74702 /* ThmanyahTests */,
				FAFFB53E2E55D6FE00D74702 /* ThmanyahUITests */,
				FAFFB5212E55D6FB00D74702 /* Products */,
			);
			sourceTree = "<group>";
		};
		FAFFB5212E55D6FB00D74702 /* Products */ = {
			isa = PBXGroup;
			children = (
				FAFFB5202E55D6FB00D74702 /* Thmanyah.app */,
				FAFFB5312E55D6FE00D74702 /* ThmanyahTests.xctest */,
				FAFFB53B2E55D6FE00D74702 /* ThmanyahUITests.xctest */,
			);
			name = Products;
			sourceTree = "<group>";
		};
/* End PBXGroup section */

/* Begin PBXNativeTarget section */
		FAFFB51F2E55D6FB00D74702 /* Thmanyah */ = {
			isa = PBXNativeTarget;
			buildConfigurationList = FAFFB5452E55D6FE00D74702 /* Build configuration list for PBXNativeTarget "Thmanyah" */;
			buildPhases = (
				FAFFB51C2E55D6FB00D74702 /* Sources */,
				FAFFB51D2E55D6FB00D74702 /* Frameworks */,
				FAFFB51E2E55D6FB00D74702 /* Resources */,
			);
			buildRules = (
			);
			dependencies = (
			);
			fileSystemSynchronizedGroups = (
				FAFFB5222E55D6FB00D74702 /* Thmanyah */,
			);
			name = Thmanyah;
			packageProductDependencies = (
			);
			productName = Thmanyah;
			productReference = FAFFB5202E55D6FB00D74702 /* Thmanyah.app */;
			productType = "com.apple.product-type.application";
		};
		FAFFB5302E55D6FE00D74702 /* ThmanyahTests */ = {
			isa = PBXNativeTarget;
			buildConfigurationList = FAFFB5482E55D6FE00D74702 /* Build configuration list for PBXNativeTarget "ThmanyahTests" */;
			buildPhases = (
				FAFFB52D2E55D6FE00D74702 /* Sources */,
				FAFFB52E2E55D6FE00D74702 /* Frameworks */,
				FAFFB52F2E55D6FE00D74702 /* Resources */,
			);
			buildRules = (
			);
			dependencies = (
				FAFFB5332E55D6FE00D74702 /* PBXTargetDependency */,
			);
			fileSystemSynchronizedGroups = (
				FAFFB5342E55D6FE00D74702 /* ThmanyahTests */,
			);
			name = ThmanyahTests;
			packageProductDependencies = (
			);
			productName = ThmanyahTests;
			productReference = FAFFB5312E55D6FE00D74702 /* ThmanyahTests.xctest */;
			productType = "com.apple.product-type.bundle.unit-test";
		};
		FAFFB53A2E55D6FE00D74702 /* ThmanyahUITests */ = {
			isa = PBXNativeTarget;
			buildConfigurationList = FAFFB54B2E55D6FE00D74702 /* Build configuration list for PBXNativeTarget "ThmanyahUITests" */;
			buildPhases = (
				FAFFB5372E55D6FE00D74702 /* Sources */,
				FAFFB5382E55D6FE00D74702 /* Frameworks */,
				FAFFB5392E55D6FE00D74702 /* Resources */,
			);
			buildRules = (
			);
			dependencies = (
				FAFFB53D2E55D6FE00D74702 /* PBXTargetDependency */,
			);
			fileSystemSynchronizedGroups = (
				FAFFB53E2E55D6FE00D74702 /* ThmanyahUITests */,
			);
			name = ThmanyahUITests;
			packageProductDependencies = (
			);
			productName = ThmanyahUITests;
			productReference = FAFFB53B2E55D6FE00D74702 /* ThmanyahUITests.xctest */;
			productType = "com.apple.product-type.bundle.ui-testing";
		};
/* End PBXNativeTarget section */

/* Begin PBXProject section */
		FAFFB5182E55D6FB00D74702 /* Project object */ = {
			isa = PBXProject;
			attributes = {
				BuildIndependentTargetsInParallel = 1;
				LastSwiftUpdateCheck = 1600;
				LastUpgradeCheck = 1600;
				TargetAttributes = {
					FAFFB51F2E55D6FB00D74702 = {
						CreatedOnToolsVersion = 16.0;
					};
					FAFFB5302E55D6FE00D74702 = {
						CreatedOnToolsVersion = 16.0;
						TestTargetID = FAFFB51F2E55D6FB00D74702;
					};
					FAFFB53A2E55D6FE00D74702 = {
						CreatedOnToolsVersion = 16.0;
						TestTargetID = FAFFB51F2E55D6FB00D74702;
					};
				};
			};
			buildConfigurationList = FAFFB51B2E55D6FB00D74702 /* Build configuration list for PBXProject "Thmanyah" */;
			developmentRegion = en;
			hasScannedForEncodings = 0;
			knownRegions = (
				en,
				Base,
			);
			mainGroup = FAFFB5172E55D6FB00D74702;
			minimizedProjectReferenceProxies = 1;
			preferredProjectObjectVersion = 77;
			productRefGroup = FAFFB5212E55D6FB00D74702 /* Products */;
			projectDirPath = "";
			projectRoot = "";
			targets = (
				FAFFB51F2E55D6FB00D74702 /* Thmanyah */,
				FAFFB5302E55D6FE00D74702 /* ThmanyahTests */,
				FAFFB53A2E55D6FE00D74702 /* ThmanyahUITests */,
			);
		};
/* End PBXProject section */

/* Begin PBXResourcesBuildPhase section */
		FAFFB51E2E55D6FB00D74702 /* Resources */ = {
			isa = PBXResourcesBuildPhase;
			buildActionMask = 2147483647;
			files = (
			);
			runOnlyForDeploymentPostprocessing = 0;
		};
		FAFFB52F2E55D6FE00D74702 /* Resources */ = {
			isa = PBXResourcesBuildPhase;
			buildActionMask = 2147483647;
			files = (
			);
			runOnlyForDeploymentPostprocessing = 0;
		};
		FAFFB5392E55D6FE00D74702 /* Resources */ = {
			isa = PBXResourcesBuildPhase;
			buildActionMask = 2147483647;
			files = (
			);
			runOnlyForDeploymentPostprocessing = 0;
		};
/* End PBXResourcesBuildPhase section */

/* Begin PBXSourcesBuildPhase section */
		FAFFB51C2E55D6FB00D74702 /* Sources */ = {
			isa = PBXSourcesBuildPhase;
			buildActionMask = 2147483647;
			files = (
			);
			runOnlyForDeploymentPostprocessing = 0;
		};
		FAFFB52D2E55D6FE00D74702 /* Sources */ = {
			isa = PBXSourcesBuildPhase;
			buildActionMask = 2147483647;
			files = (
			);
			runOnlyForDeploymentPostprocessing = 0;
		};
		FAFFB5372E55D6FE00D74702 /* Sources */ = {
			isa = PBXSourcesBuildPhase;
			buildActionMask = 2147483647;
			files = (
			);
			runOnlyForDeploymentPostprocessing = 0;
		};
/* End PBXSourcesBuildPhase section */

/* Begin PBXTargetDependency section */
		FAFFB5332E55D6FE00D74702 /* PBXTargetDependency */ = {
			isa = PBXTargetDependency;
			target = FAFFB51F2E55D6FB00D74702 /* Thmanyah */;
			targetProxy = FAFFB5322E55D6FE00D74702 /* PBXContainerItemProxy */;
		};
		FAFFB53D2E55D6FE00D74702 /* PBXTargetDependency */ = {
			isa = PBXTargetDependency;
			target = FAFFB51F2E55D6FB00D74702 /* Thmanyah */;
			targetProxy = FAFFB53C2E55D6FE00D74702 /* PBXContainerItemProxy */;
		};
/* End PBXTargetDependency section */

/* Begin XCBuildConfiguration section */
		FAFFB5432E55D6FE00D74702 /* Debug */ = {
			isa = XCBuildConfiguration;
			baseConfigurationReferenceAnchor = FAFFB5222E55D6FB00D74702 /* Thmanyah */;
			baseConfigurationReferenceRelativePath = Config/Production.xcconfig;
			buildSettings = {
				ALWAYS_SEARCH_USER_PATHS = NO;
				ASSETCATALOG_COMPILER_GENERATE_SWIFT_ASSET_SYMBOL_EXTENSIONS = YES;
				CLANG_ANALYZER_NONNULL = YES;
				CLANG_ANALYZER_NUMBER_OBJECT_CONVERSION = YES_AGGRESSIVE;
				CLANG_CXX_LANGUAGE_STANDARD = "gnu++20";
				CLANG_ENABLE_MODULES = YES;
				CLANG_ENABLE_OBJC_ARC = YES;
				CLANG_ENABLE_OBJC_WEAK = YES;
				CLANG_WARN_BLOCK_CAPTURE_AUTORELEASING = YES;
				CLANG_WARN_BOOL_CONVERSION = YES;
				CLANG_WARN_COMMA = YES;
				CLANG_WARN_CONSTANT_CONVERSION = YES;
				CLANG_WARN_DEPRECATED_OBJC_IMPLEMENTATIONS = YES;
				CLANG_WARN_DIRECT_OBJC_ISA_USAGE = YES_ERROR;
				CLANG_WARN_DOCUMENTATION_COMMENTS = YES;
				CLANG_WARN_EMPTY_BODY = YES;
				CLANG_WARN_ENUM_CONVERSION = YES;
				CLANG_WARN_INFINITE_RECURSION = YES;
				CLANG_WARN_INT_CONVERSION = YES;
				CLANG_WARN_NON_LITERAL_NULL_CONVERSION = YES;
				CLANG_WARN_OBJC_IMPLICIT_RETAIN_SELF = YES;
				CLANG_WARN_OBJC_LITERAL_CONVERSION = YES;
				CLANG_WARN_OBJC_ROOT_CLASS = YES_ERROR;
				CLANG_WARN_QUOTED_INCLUDE_IN_FRAMEWORK_HEADER = YES;
				CLANG_WARN_RANGE_LOOP_ANALYSIS = YES;
				CLANG_WARN_STRICT_PROTOTYPES = YES;
				CLANG_WARN_SUSPICIOUS_MOVE = YES;
				CLANG_WARN_UNGUARDED_AVAILABILITY = YES_AGGRESSIVE;
				CLANG_WARN_UNREACHABLE_CODE = YES;
				CLANG_WARN__DUPLICATE_METHOD_MATCH = YES;
				COPY_PHASE_STRIP = NO;
				DEBUG_INFORMATION_FORMAT = dwarf;
				ENABLE_STRICT_OBJC_MSGSEND = YES;
				ENABLE_TESTABILITY = YES;
				ENABLE_USER_SCRIPT_SANDBOXING = YES;
				GCC_C_LANGUAGE_STANDARD = gnu17;
				GCC_DYNAMIC_NO_PIC = NO;
				GCC_NO_COMMON_BLOCKS = YES;
				GCC_OPTIMIZATION_LEVEL = 0;
				GCC_PREPROCESSOR_DEFINITIONS = (
					"DEBUG=1",
					"$(inherited)",
				);
				GCC_WARN_64_TO_32_BIT_CONVERSION = YES;
				GCC_WARN_ABOUT_RETURN_TYPE = YES_ERROR;
				GCC_WARN_UNDECLARED_SELECTOR = YES;
				GCC_WARN_UNINITIALIZED_AUTOS = YES_AGGRESSIVE;
				GCC_WARN_UNUSED_FUNCTION = YES;
				GCC_WARN_UNUSED_VARIABLE = YES;
				LOCALIZATION_PREFERS_STRING_CATALOGS = YES;
				MTL_ENABLE_DEBUG_INFO = INCLUDE_SOURCE;
				MTL_FAST_MATH = YES;
				ONLY_ACTIVE_ARCH = YES;
				SWIFT_ACTIVE_COMPILATION_CONDITIONS = "DEBUG $(inherited)";
				SWIFT_OPTIMIZATION_LEVEL = "-Onone";
			};
			name = Debug;
		};
		FAFFB5442E55D6FE00D74702 /* Release */ = {
			isa = XCBuildConfiguration;
			baseConfigurationReferenceAnchor = FAFFB5222E55D6FB00D74702 /* Thmanyah */;
			baseConfigurationReferenceRelativePath = Config/Production.xcconfig;
			buildSettings = {
				ALWAYS_SEARCH_USER_PATHS = NO;
				ASSETCATALOG_COMPILER_GENERATE_SWIFT_ASSET_SYMBOL_EXTENSIONS = YES;
				CLANG_ANALYZER_NONNULL = YES;
				CLANG_ANALYZER_NUMBER_OBJECT_CONVERSION = YES_AGGRESSIVE;
				CLANG_CXX_LANGUAGE_STANDARD = "gnu++20";
				CLANG_ENABLE_MODULES = YES;
				CLANG_ENABLE_OBJC_ARC = YES;
				CLANG_ENABLE_OBJC_WEAK = YES;
				CLANG_WARN_BLOCK_CAPTURE_AUTORELEASING = YES;
				CLANG_WARN_BOOL_CONVERSION = YES;
				CLANG_WARN_COMMA = YES;
				CLANG_WARN_CONSTANT_CONVERSION = YES;
				CLANG_WARN_DEPRECATED_OBJC_IMPLEMENTATIONS = YES;
				CLANG_WARN_DIRECT_OBJC_ISA_USAGE = YES_ERROR;
				CLANG_WARN_DOCUMENTATION_COMMENTS = YES;
				CLANG_WARN_EMPTY_BODY = YES;
				CLANG_WARN_ENUM_CONVERSION = YES;
				CLANG_WARN_INFINITE_RECURSION = YES;
				CLANG_WARN_INT_CONVERSION = YES;
				CLANG_WARN_NON_LITERAL_NULL_CONVERSION = YES;
				CLANG_WARN_OBJC_IMPLICIT_RETAIN_SELF = YES;
				CLANG_WARN_OBJC_LITERAL_CONVERSION = YES;
				CLANG_WARN_OBJC_ROOT_CLASS = YES_ERROR;
				CLANG_WARN_QUOTED_INCLUDE_IN_FRAMEWORK_HEADER = YES;
				CLANG_WARN_RANGE_LOOP_ANALYSIS = YES;
				CLANG_WARN_STRICT_PROTOTYPES = YES;
				CLANG_WARN_SUSPICIOUS_MOVE = YES;
				CLANG_WARN_UNGUARDED_AVAILABILITY = YES_AGGRESSIVE;
				CLANG_WARN_UNREACHABLE_CODE = YES;
				CLANG_WARN__DUPLICATE_METHOD_MATCH = YES;
				COPY_PHASE_STRIP = NO;
				DEBUG_INFORMATION_FORMAT = "dwarf-with-dsym";
				ENABLE_NS_ASSERTIONS = NO;
				ENABLE_STRICT_OBJC_MSGSEND = YES;
				ENABLE_USER_SCRIPT_SANDBOXING = YES;
				GCC_C_LANGUAGE_STANDARD = gnu17;
				GCC_NO_COMMON_BLOCKS = YES;
				GCC_WARN_64_TO_32_BIT_CONVERSION = YES;
				GCC_WARN_ABOUT_RETURN_TYPE = YES_ERROR;
				GCC_WARN_UNDECLARED_SELECTOR = YES;
				GCC_WARN_UNINITIALIZED_AUTOS = YES_AGGRESSIVE;
				GCC_WARN_UNUSED_FUNCTION = YES;
				GCC_WARN_UNUSED_VARIABLE = YES;
				LOCALIZATION_PREFERS_STRING_CATALOGS = YES;
				MTL_ENABLE_DEBUG_INFO = NO;
				MTL_FAST_MATH = YES;
				SWIFT_COMPILATION_MODE = wholemodule;
			};
			name = Release;
		};
		FAFFB5462E55D6FE00D74702 /* Debug */ = {
			isa = XCBuildConfiguration;
			baseConfigurationReferenceAnchor = FAFFB5222E55D6FB00D74702 /* Thmanyah */;
			baseConfigurationReferenceRelativePath = Config/Production.xcconfig;
			buildSettings = {
				ASSETCATALOG_COMPILER_APPICON_NAME = AppIcon;
				ASSETCATALOG_COMPILER_GLOBAL_ACCENT_COLOR_NAME = AccentColor;
				CODE_SIGN_ENTITLEMENTS = Thmanyah/Thmanyah.entitlements;
				CODE_SIGN_IDENTITY = "Apple Development";
				CODE_SIGN_STYLE = Automatic;
				CURRENT_PROJECT_VERSION = 1;
				DEVELOPMENT_ASSET_PATHS = "\"Thmanyah/Preview Content\"";
				DEVELOPMENT_TEAM = 9KXWHTZ8T7;
				ENABLE_HARDENED_RUNTIME = YES;
				ENABLE_PREVIEWS = YES;
				GENERATE_INFOPLIST_FILE = YES;
				INFOPLIST_FILE = Thmanyah/Info.plist;
				"INFOPLIST_KEY_UIApplicationSceneManifest_Generation[sdk=iphoneos*]" = YES;
				"INFOPLIST_KEY_UIApplicationSceneManifest_Generation[sdk=iphonesimulator*]" = YES;
				"INFOPLIST_KEY_UIApplicationSupportsIndirectInputEvents[sdk=iphoneos*]" = YES;
				"INFOPLIST_KEY_UIApplicationSupportsIndirectInputEvents[sdk=iphonesimulator*]" = YES;
				"INFOPLIST_KEY_UILaunchScreen_Generation[sdk=iphoneos*]" = YES;
				"INFOPLIST_KEY_UILaunchScreen_Generation[sdk=iphonesimulator*]" = YES;
				"INFOPLIST_KEY_UIStatusBarStyle[sdk=iphoneos*]" = UIStatusBarStyleDefault;
				"INFOPLIST_KEY_UIStatusBarStyle[sdk=iphonesimulator*]" = UIStatusBarStyleDefault;
				INFOPLIST_KEY_UISupportedInterfaceOrientations_iPad = "UIInterfaceOrientationPortrait UIInterfaceOrientationPortraitUpsideDown UIInterfaceOrientationLandscapeLeft UIInterfaceOrientationLandscapeRight";
				INFOPLIST_KEY_UISupportedInterfaceOrientations_iPhone = "UIInterfaceOrientationPortrait UIInterfaceOrientationLandscapeLeft UIInterfaceOrientationLandscapeRight";
				IPHONEOS_DEPLOYMENT_TARGET = 18.0;
				LD_RUNPATH_SEARCH_PATHS = "@executable_path/Frameworks";
				"LD_RUNPATH_SEARCH_PATHS[sdk=macosx*]" = "@executable_path/../Frameworks";
				MACOSX_DEPLOYMENT_TARGET = 15.0;
				MARKETING_VERSION = 1.0;
				PRODUCT_BUNDLE_IDENTIFIER = Test.Thmanyah;
				PRODUCT_NAME = "$(TARGET_NAME)";
				PROVISIONING_PROFILE_SPECIFIER = "";
				SDKROOT = auto;
				SUPPORTED_PLATFORMS = "iphoneos iphonesimulator macosx xros xrsimulator";
				SWIFT_EMIT_LOC_STRINGS = YES;
				SWIFT_VERSION = 5.0;
				TARGETED_DEVICE_FAMILY = "1,2,7";
				XROS_DEPLOYMENT_TARGET = 2.0;
			};
			name = Debug;
		};
		FAFFB5472E55D6FE00D74702 /* Release */ = {
			isa = XCBuildConfiguration;
			baseConfigurationReferenceAnchor = FAFFB5222E55D6FB00D74702 /* Thmanyah */;
			baseConfigurationReferenceRelativePath = Config/Production.xcconfig;
			buildSettings = {
				ASSETCATALOG_COMPILER_APPICON_NAME = AppIcon;
				ASSETCATALOG_COMPILER_GLOBAL_ACCENT_COLOR_NAME = AccentColor;
				CODE_SIGN_ENTITLEMENTS = Thmanyah/Thmanyah.entitlements;
				CODE_SIGN_IDENTITY = "Apple Development";
				CODE_SIGN_STYLE = Automatic;
				CURRENT_PROJECT_VERSION = 1;
				DEVELOPMENT_ASSET_PATHS = "\"Thmanyah/Preview Content\"";
				DEVELOPMENT_TEAM = 9KXWHTZ8T7;
				ENABLE_HARDENED_RUNTIME = YES;
				ENABLE_PREVIEWS = YES;
				GENERATE_INFOPLIST_FILE = YES;
				INFOPLIST_FILE = Thmanyah/Info.plist;
				"INFOPLIST_KEY_UIApplicationSceneManifest_Generation[sdk=iphoneos*]" = YES;
				"INFOPLIST_KEY_UIApplicationSceneManifest_Generation[sdk=iphonesimulator*]" = YES;
				"INFOPLIST_KEY_UIApplicationSupportsIndirectInputEvents[sdk=iphoneos*]" = YES;
				"INFOPLIST_KEY_UIApplicationSupportsIndirectInputEvents[sdk=iphonesimulator*]" = YES;
				"INFOPLIST_KEY_UILaunchScreen_Generation[sdk=iphoneos*]" = YES;
				"INFOPLIST_KEY_UILaunchScreen_Generation[sdk=iphonesimulator*]" = YES;
				"INFOPLIST_KEY_UIStatusBarStyle[sdk=iphoneos*]" = UIStatusBarStyleDefault;
				"INFOPLIST_KEY_UIStatusBarStyle[sdk=iphonesimulator*]" = UIStatusBarStyleDefault;
				INFOPLIST_KEY_UISupportedInterfaceOrientations_iPad = "UIInterfaceOrientationPortrait UIInterfaceOrientationPortraitUpsideDown UIInterfaceOrientationLandscapeLeft UIInterfaceOrientationLandscapeRight";
				INFOPLIST_KEY_UISupportedInterfaceOrientations_iPhone = "UIInterfaceOrientationPortrait UIInterfaceOrientationLandscapeLeft UIInterfaceOrientationLandscapeRight";
				IPHONEOS_DEPLOYMENT_TARGET = 18.0;
				LD_RUNPATH_SEARCH_PATHS = "@executable_path/Frameworks";
				"LD_RUNPATH_SEARCH_PATHS[sdk=macosx*]" = "@executable_path/../Frameworks";
				MACOSX_DEPLOYMENT_TARGET = 15.0;
				MARKETING_VERSION = 1.0;
				PRODUCT_BUNDLE_IDENTIFIER = Test.Thmanyah;
				PRODUCT_NAME = "$(TARGET_NAME)";
				PROVISIONING_PROFILE_SPECIFIER = "";
				SDKROOT = auto;
				SUPPORTED_PLATFORMS = "iphoneos iphonesimulator macosx xros xrsimulator";
				SWIFT_EMIT_LOC_STRINGS = YES;
				SWIFT_VERSION = 5.0;
				TARGETED_DEVICE_FAMILY = "1,2,7";
				XROS_DEPLOYMENT_TARGET = 2.0;
			};
			name = Release;
		};
		FAFFB5492E55D6FE00D74702 /* Debug */ = {
			isa = XCBuildConfiguration;
			buildSettings = {
				BUNDLE_LOADER = "$(TEST_HOST)";
				CODE_SIGN_STYLE = Automatic;
				CURRENT_PROJECT_VERSION = 1;
				DEVELOPMENT_TEAM = 9KXWHTZ8T7;
				GENERATE_INFOPLIST_FILE = YES;
				IPHONEOS_DEPLOYMENT_TARGET = 18.0;
				MACOSX_DEPLOYMENT_TARGET = 15.0;
				MARKETING_VERSION = 1.0;
				PRODUCT_BUNDLE_IDENTIFIER = Test.ThmanyahTests;
				PRODUCT_NAME = "$(TARGET_NAME)";
				SDKROOT = auto;
				SUPPORTED_PLATFORMS = "iphoneos iphonesimulator macosx xros xrsimulator";
				SWIFT_EMIT_LOC_STRINGS = NO;
				SWIFT_VERSION = 5.0;
				TARGETED_DEVICE_FAMILY = "1,2,7";
				TEST_HOST = "$(BUILT_PRODUCTS_DIR)/Thmanyah.app/$(BUNDLE_EXECUTABLE_FOLDER_PATH)/Thmanyah";
				XROS_DEPLOYMENT_TARGET = 2.0;
			};
			name = Debug;
		};
		FAFFB54A2E55D6FE00D74702 /* Release */ = {
			isa = XCBuildConfiguration;
			buildSettings = {
				BUNDLE_LOADER = "$(TEST_HOST)";
				CODE_SIGN_STYLE = Automatic;
				CURRENT_PROJECT_VERSION = 1;
				DEVELOPMENT_TEAM = 9KXWHTZ8T7;
				GENERATE_INFOPLIST_FILE = YES;
				IPHONEOS_DEPLOYMENT_TARGET = 18.0;
				MACOSX_DEPLOYMENT_TARGET = 15.0;
				MARKETING_VERSION = 1.0;
				PRODUCT_BUNDLE_IDENTIFIER = Test.ThmanyahTests;
				PRODUCT_NAME = "$(TARGET_NAME)";
				SDKROOT = auto;
				SUPPORTED_PLATFORMS = "iphoneos iphonesimulator macosx xros xrsimulator";
				SWIFT_EMIT_LOC_STRINGS = NO;
				SWIFT_VERSION = 5.0;
				TARGETED_DEVICE_FAMILY = "1,2,7";
				TEST_HOST = "$(BUILT_PRODUCTS_DIR)/Thmanyah.app/$(BUNDLE_EXECUTABLE_FOLDER_PATH)/Thmanyah";
				XROS_DEPLOYMENT_TARGET = 2.0;
			};
			name = Release;
		};
		FAFFB54C2E55D6FE00D74702 /* Debug */ = {
			isa = XCBuildConfiguration;
			buildSettings = {
				CODE_SIGN_STYLE = Automatic;
				CURRENT_PROJECT_VERSION = 1;
				DEVELOPMENT_TEAM = 9KXWHTZ8T7;
				GENERATE_INFOPLIST_FILE = YES;
				IPHONEOS_DEPLOYMENT_TARGET = 18.0;
				MACOSX_DEPLOYMENT_TARGET = 15.0;
				MARKETING_VERSION = 1.0;
				PRODUCT_BUNDLE_IDENTIFIER = Test.ThmanyahUITests;
				PRODUCT_NAME = "$(TARGET_NAME)";
				SDKROOT = auto;
				SUPPORTED_PLATFORMS = "iphoneos iphonesimulator macosx xros xrsimulator";
				SWIFT_EMIT_LOC_STRINGS = NO;
				SWIFT_VERSION = 5.0;
				TARGETED_DEVICE_FAMILY = "1,2,7";
				TEST_TARGET_NAME = Thmanyah;
				XROS_DEPLOYMENT_TARGET = 2.0;
			};
			name = Debug;
		};
		FAFFB54D2E55D6FE00D74702 /* Release */ = {
			isa = XCBuildConfiguration;
			buildSettings = {
				CODE_SIGN_STYLE = Automatic;
				CURRENT_PROJECT_VERSION = 1;
				DEVELOPMENT_TEAM = 9KXWHTZ8T7;
				GENERATE_INFOPLIST_FILE = YES;
				IPHONEOS_DEPLOYMENT_TARGET = 18.0;
				MACOSX_DEPLOYMENT_TARGET = 15.0;
				MARKETING_VERSION = 1.0;
				PRODUCT_BUNDLE_IDENTIFIER = Test.ThmanyahUITests;
				PRODUCT_NAME = "$(TARGET_NAME)";
				SDKROOT = auto;
				SUPPORTED_PLATFORMS = "iphoneos iphonesimulator macosx xros xrsimulator";
				SWIFT_EMIT_LOC_STRINGS = NO;
				SWIFT_VERSION = 5.0;
				TARGETED_DEVICE_FAMILY = "1,2,7";
				TEST_TARGET_NAME = Thmanyah;
				XROS_DEPLOYMENT_TARGET = 2.0;
			};
			name = Release;
		};
/* End XCBuildConfiguration section */

/* Begin XCConfigurationList section */
		FAFFB51B2E55D6FB00D74702 /* Build configuration list for PBXProject "Thmanyah" */ = {
			isa = XCConfigurationList;
			buildConfigurations = (
				FAFFB5432E55D6FE00D74702 /* Debug */,
				FAFFB5442E55D6FE00D74702 /* Release */,
			);
			defaultConfigurationIsVisible = 0;
			defaultConfigurationName = Release;
		};
		FAFFB5452E55D6FE00D74702 /* Build configuration list for PBXNativeTarget "Thmanyah" */ = {
			isa = XCConfigurationList;
			buildConfigurations = (
				FAFFB5462E55D6FE00D74702 /* Debug */,
				FAFFB5472E55D6FE00D74702 /* Release */,
			);
			defaultConfigurationIsVisible = 0;
			defaultConfigurationName = Release;
		};
		FAFFB5482E55D6FE00D74702 /* Build configuration list for PBXNativeTarget "ThmanyahTests" */ = {
			isa = XCConfigurationList;
			buildConfigurations = (
				FAFFB5492E55D6FE00D74702 /* Debug */,
				FAFFB54A2E55D6FE00D74702 /* Release */,
			);
			defaultConfigurationIsVisible = 0;
			defaultConfigurationName = Release;
		};
		FAFFB54B2E55D6FE00D74702 /* Build configuration list for PBXNativeTarget "ThmanyahUITests" */ = {
			isa = XCConfigurationList;
			buildConfigurations = (
				FAFFB54C2E55D6FE00D74702 /* Debug */,
				FAFFB54D2E55D6FE00D74702 /* Release */,
			);
			defaultConfigurationIsVisible = 0;
			defaultConfigurationName = Release;
		};
/* End XCConfigurationList section */
	};
	rootObject = FAFFB5182E55D6FB00D74702 /* Project object */;
}
